
Microsoft Visual Studio Solution File, Format Version 12.00
# Visual Studio 15
VisualStudioVersion = 15.0.28307.136
MinimumVisualStudioVersion = 10.0.40219.1
Project("{FAE04EC0-301F-11D3-BF4B-00C04F79EFBC}") = "DigitalCharacterSheetAPI", "DigitalCharacterSheetAPI\DigitalCharacterSheetAPI.csproj", "{8FCA7C2A-5B45-45E4-9A96-FD78F30A2B47}"
EndProject
Global
	GlobalSection(SolutionConfigurationPlatforms) = preSolution
		Debug|Any CPU = Debug|Any CPU
		Release|Any CPU = Release|Any CPU
	EndGlobalSection
	GlobalSection(ProjectConfigurationPlatforms) = postSolution
		{8FCA7C2A-5B45-45E4-9A96-FD78F30A2B47}.Debug|Any CPU.ActiveCfg = Debug|Any CPU
		{8FCA7C2A-5B45-45E4-9A96-FD78F30A2B47}.Debug|Any CPU.Build.0 = Debug|Any CPU
		{8FCA7C2A-5B45-45E4-9A96-FD78F30A2B47}.Release|Any CPU.ActiveCfg = Release|Any CPU
		{8FCA7C2A-5B45-45E4-9A96-FD78F30A2B47}.Release|Any CPU.Build.0 = Release|Any CPU
	EndGlobalSection
	GlobalSection(SolutionProperties) = preSolution
		HideSolutionNode = FALSE
	EndGlobalSection
	GlobalSection(ExtensibilityGlobals) = postSolution
		SolutionGuid = {536FFA4F-E94E-42EF-B7F2-0D66DF5E96E2}
	EndGlobalSection
EndGlobal
